
Microsoft Visual Studio Solution File, Format Version 12.00
# Visual Studio Version 16
VisualStudioVersion = 16.0.31624.102
MinimumVisualStudioVersion = 10.0.40219.1
Project("{9A19103F-16F7-4668-BE54-9A1E7A4F7556}") = "BEOPM4_01_01", "BEOPM4_01\BEOPM4_01_01.csproj", "{01A2C116-2BFC-4F8C-B54E-DFB91E290C8C}"
EndProject
Project("{9A19103F-16F7-4668-BE54-9A1E7A4F7556}") = "BEOPM4_01_02", "BEOPM4_01_02\BEOPM4_01_02.csproj", "{EE961625-4DD6-4C8A-BB1E-27291642A64D}"
EndProject
Project("{9A19103F-16F7-4668-BE54-9A1E7A4F7556}") = "BEOPM4_01_03", "BEOPM4_01_03\BEOPM4_01_03.csproj", "{D12BE1ED-5BEC-48C8-97A5-96FAE7CA643A}"
EndProject
Project("{9A19103F-16F7-4668-BE54-9A1E7A4F7556}") = "BEOPM4_01_04", "BEOPM4_01_04\BEOPM4_01_04.csproj", "{16400518-6CF3-41DE-8FCD-79B82912FDA5}"
EndProject
Project("{9A19103F-16F7-4668-BE54-9A1E7A4F7556}") = "BEOPM4_01_05", "BEOPM4_01_05\BEOPM4_01_05.csproj", "{5200BB88-B1F6-4D8C-93C5-CD92EB95EB67}"
EndProject
Project("{9A19103F-16F7-4668-BE54-9A1E7A4F7556}") = "BEOPM4_01_06", "BEOPM4_01_06\BEOPM4_01_06.csproj", "{96F7A704-CFE4-4102-9CDF-8573D9A36C23}"
EndProject
Project("{FAE04EC0-301F-11D3-BF4B-00C04F79EFBC}") = "BEOPM4_01_07", "BEOPM4_01_07\BEOPM4_01_07.csproj", "{9F604415-683F-476F-9628-CC78A3A812C3}"
EndProject
Project("{FAE04EC0-301F-11D3-BF4B-00C04F79EFBC}") = "BEOPM4_01_08", "BEOPM4_01_08\BEOPM4_01_08.csproj", "{1F9D3C06-2ABC-4ABA-B148-67470940989C}"
EndProject
Global
	GlobalSection(SolutionConfigurationPlatforms) = preSolution
		Debug|Any CPU = Debug|Any CPU
		Release|Any CPU = Release|Any CPU
	EndGlobalSection
	GlobalSection(ProjectConfigurationPlatforms) = postSolution
		{01A2C116-2BFC-4F8C-B54E-DFB91E290C8C}.Debug|Any CPU.ActiveCfg = Debug|Any CPU
		{01A2C116-2BFC-4F8C-B54E-DFB91E290C8C}.Debug|Any CPU.Build.0 = Debug|Any CPU
		{01A2C116-2BFC-4F8C-B54E-DFB91E290C8C}.Release|Any CPU.ActiveCfg = Release|Any CPU
		{01A2C116-2BFC-4F8C-B54E-DFB91E290C8C}.Release|Any CPU.Build.0 = Release|Any CPU
		{EE961625-4DD6-4C8A-BB1E-27291642A64D}.Debug|Any CPU.ActiveCfg = Debug|Any CPU
		{EE961625-4DD6-4C8A-BB1E-27291642A64D}.Debug|Any CPU.Build.0 = Debug|Any CPU
		{EE961625-4DD6-4C8A-BB1E-27291642A64D}.Release|Any CPU.ActiveCfg = Release|Any CPU
		{EE961625-4DD6-4C8A-BB1E-27291642A64D}.Release|Any CPU.Build.0 = Release|Any CPU
		{D12BE1ED-5BEC-48C8-97A5-96FAE7CA643A}.Debug|Any CPU.ActiveCfg = Debug|Any CPU
		{D12BE1ED-5BEC-48C8-97A5-96FAE7CA643A}.Debug|Any CPU.Build.0 = Debug|Any CPU
		{D12BE1ED-5BEC-48C8-97A5-96FAE7CA643A}.Release|Any CPU.ActiveCfg = Release|Any CPU
		{D12BE1ED-5BEC-48C8-97A5-96FAE7CA643A}.Release|Any CPU.Build.0 = Release|Any CPU
		{16400518-6CF3-41DE-8FCD-79B82912FDA5}.Debug|Any CPU.ActiveCfg = Debug|Any CPU
		{16400518-6CF3-41DE-8FCD-79B82912FDA5}.Debug|Any CPU.Build.0 = Debug|Any CPU
		{16400518-6CF3-41DE-8FCD-79B82912FDA5}.Release|Any CPU.ActiveCfg = Release|Any CPU
		{16400518-6CF3-41DE-8FCD-79B82912FDA5}.Release|Any CPU.Build.0 = Release|Any CPU
		{5200BB88-B1F6-4D8C-93C5-CD92EB95EB67}.Debug|Any CPU.ActiveCfg = Debug|Any CPU
		{5200BB88-B1F6-4D8C-93C5-CD92EB95EB67}.Debug|Any CPU.Build.0 = Debug|Any CPU
		{5200BB88-B1F6-4D8C-93C5-CD92EB95EB67}.Release|Any CPU.ActiveCfg = Release|Any CPU
		{5200BB88-B1F6-4D8C-93C5-CD92EB95EB67}.Release|Any CPU.Build.0 = Release|Any CPU
		{96F7A704-CFE4-4102-9CDF-8573D9A36C23}.Debug|Any CPU.ActiveCfg = Debug|Any CPU
		{96F7A704-CFE4-4102-9CDF-8573D9A36C23}.Debug|Any CPU.Build.0 = Debug|Any CPU
		{96F7A704-CFE4-4102-9CDF-8573D9A36C23}.Release|Any CPU.ActiveCfg = Release|Any CPU
		{96F7A704-CFE4-4102-9CDF-8573D9A36C23}.Release|Any CPU.Build.0 = Release|Any CPU
		{9F604415-683F-476F-9628-CC78A3A812C3}.Debug|Any CPU.ActiveCfg = Debug|Any CPU
		{9F604415-683F-476F-9628-CC78A3A812C3}.Debug|Any CPU.Build.0 = Debug|Any CPU
		{9F604415-683F-476F-9628-CC78A3A812C3}.Release|Any CPU.ActiveCfg = Release|Any CPU
		{9F604415-683F-476F-9628-CC78A3A812C3}.Release|Any CPU.Build.0 = Release|Any CPU
		{1F9D3C06-2ABC-4ABA-B148-67470940989C}.Debug|Any CPU.ActiveCfg = Debug|Any CPU
		{1F9D3C06-2ABC-4ABA-B148-67470940989C}.Debug|Any CPU.Build.0 = Debug|Any CPU
		{1F9D3C06-2ABC-4ABA-B148-67470940989C}.Release|Any CPU.ActiveCfg = Release|Any CPU
		{1F9D3C06-2ABC-4ABA-B148-67470940989C}.Release|Any CPU.Build.0 = Release|Any CPU
	EndGlobalSection
	GlobalSection(SolutionProperties) = preSolution
		HideSolutionNode = FALSE
	EndGlobalSection
	GlobalSection(ExtensibilityGlobals) = postSolution
		SolutionGuid = {727C194E-AF2C-47F3-9E92-8AA0587EC2D1}
	EndGlobalSection
EndGlobal
